
Microsoft Visual Studio Solution File, Format Version 12.00
# Visual Studio Version 16
VisualStudioVersion = 16.0.29709.97
MinimumVisualStudioVersion = 10.0.40219.1
Project("{FAE04EC0-301F-11D3-BF4B-00C04F79EFBC}") = "tyoaikaseuranta", "tyoaikaseuranta.csproj", "{F2986D9B-878C-4284-A72A-0CCCB39740D2}"
EndProject
Global
	GlobalSection(SolutionConfigurationPlatforms) = preSolution
		Debug|Any CPU = Debug|Any CPU
		Release|Any CPU = Release|Any CPU
	EndGlobalSection
	GlobalSection(ProjectConfigurationPlatforms) = postSolution
		{F2986D9B-878C-4284-A72A-0CCCB39740D2}.Debug|Any CPU.ActiveCfg = Debug|Any CPU
		{F2986D9B-878C-4284-A72A-0CCCB39740D2}.Debug|Any CPU.Build.0 = Debug|Any CPU
		{F2986D9B-878C-4284-A72A-0CCCB39740D2}.Release|Any CPU.ActiveCfg = Release|Any CPU
		{F2986D9B-878C-4284-A72A-0CCCB39740D2}.Release|Any CPU.Build.0 = Release|Any CPU
	EndGlobalSection
	GlobalSection(SolutionProperties) = preSolution
		HideSolutionNode = FALSE
	EndGlobalSection
	GlobalSection(ExtensibilityGlobals) = postSolution
		SolutionGuid = {9044FD63-D1EB-4EA2-BDFD-3EE0AEE8508D}
	EndGlobalSection
EndGlobal
